<?xml version="1.0" encoding="utf-8"?>
<Project ToolsVersion="4.0" xmlns="http://schemas.microsoft.com/developer/msbuild/2003">
  <ItemGroup>
    <ClCompile Include="Files\animatedTexture.cpp" />
    <ClCompile Include="Files\audio.cpp" />
    <ClCompile Include="Files\ball.cpp" />
    <ClCompile Include="Files\client.cpp" />
    <ClCompile Include="Files\config.cpp" />
    <ClCompile Include="Files\gameEntityCollection.cpp" />
    <ClCompile Include="Files\msg.cpp" />
    <ClCompile Include="Files\gPointersInterface.cpp" />
    <ClCompile Include="Files\playerManager.cpp" />
    <ClCompile Include="Files\pointersInterface.cpp" />
    <ClCompile Include="Files\hitbox.cpp" />
    <ClCompile Include="Files\lanStage.cpp" />
    <ClCompile Include="Files\player.cpp" />
    <ClCompile Include="Files\server.cpp" />
    <ClCompile Include="Files\physics.cpp" />
    <ClCompile Include="Files\console.cpp" />
    <ClCompile Include="Files\engine.cpp" />
    <ClCompile Include="Files\entity.cpp" />
    <ClCompile Include="Files\entityCollection.cpp" />
    <ClCompile Include="Files\game.cpp" />
    <ClCompile Include="Files\graphics.cpp" />
    <ClCompile Include="Files\input.cpp" />
    <ClCompile Include="Files\introStage.cpp" />
    <ClCompile Include="Files\main.cpp" />
    <ClCompile Include="Files\network.cpp" />
    <ClCompile Include="Files\connection.cpp" />
    <ClCompile Include="Files\paddle.cpp" />
    <ClCompile Include="Files\paddleController.cpp" />
    <ClCompile Include="Files\serverConnector.cpp" />
    <ClCompile Include="Files\simulation.cpp" />
    <ClCompile Include="Files\singlePlayerStage.cpp" />
    <ClCompile Include="Files\socket.cpp" />
    <ClCompile Include="Files\tcpSocket.cpp" />
    <ClCompile Include="Files\text.cpp" />
    <ClCompile Include="Files\texture.cpp" />
    <ClCompile Include="Files\time.cpp" />
    <ClCompile Include="Files\udpSocket.cpp" />
    <ClCompile Include="Files\wall.cpp" />
    <ClCompile Include="Files\wallManager.cpp" />
  </ItemGroup>
  <ItemGroup>
    <ClInclude Include="Files\activeInterface.h" />
    <ClInclude Include="Files\animatedTexture.h" />
    <ClInclude Include="Files\audio.h" />
    <ClInclude Include="Files\ball.h" />
    <ClInclude Include="Files\ballManager.h" />
    <ClInclude Include="Files\client.h" />
    <ClInclude Include="Files\config.h" />
    <ClInclude Include="Files\color.h" />
    <ClInclude Include="Files\controllerInterface.h" />
    <ClInclude Include="Files\debug.h" />
    <ClInclude Include="Files\gPointersInterface.h" />
    <ClInclude Include="Files\lanPaddleController.h" />
    <ClInclude Include="Files\msgInterface.h" />
    <ClInclude Include="Files\clientServerMsg.h" />
    <ClInclude Include="Files\mtxQueue.h" />
    <ClInclude Include="Files\mtxUMap.h" />
    <ClInclude Include="Files\playerManager.h" />
    <ClInclude Include="Files\pluginInterface.h" />
    <ClInclude Include="Files\functions.h" />
    <ClInclude Include="Files\gameEntityCollection.h" />
    <ClInclude Include="Files\msg.h" />
    <ClInclude Include="Files\simPaddleController.h" />
    <ClInclude Include="Files\simulation.h" />
    <ClInclude Include="Files\idInterface.h" />
    <ClInclude Include="Files\lanStage.h" />
    <ClInclude Include="Files\line.h" />
    <ClInclude Include="Files\macro.h" />
    <ClInclude Include="Files\netComponentInterface.h" />
    <ClInclude Include="Files\netInterface.h" />
    <ClInclude Include="Files\netStageInterface.h" />
    <ClInclude Include="Files\point.h" />
    <ClInclude Include="Files\pointersInterface.h" />
    <ClInclude Include="Files\rect.h" />
    <ClInclude Include="Files\server.h" />
    <ClInclude Include="Files\physics.h" />
    <ClInclude Include="Files\console.h" />
    <ClInclude Include="Files\engine.h" />
    <ClInclude Include="Files\entity.h" />
    <ClInclude Include="Files\entityCollection.h" />
    <ClInclude Include="Files\game.h" />
    <ClInclude Include="Files\graphics.h" />
    <ClInclude Include="Files\hitbox.h" />
    <ClInclude Include="Files\input.h" />
    <ClInclude Include="Files\introStage.h" />
    <ClInclude Include="Files\player.h" />
    <ClInclude Include="Files\logger.h" />
    <ClInclude Include="Files\network.h" />
    <ClInclude Include="Files\connection.h" />
    <ClInclude Include="Files\paddle.h" />
    <ClInclude Include="Files\paddleController.h" />
    <ClInclude Include="Files\math.h" />
    <ClInclude Include="Files\resourceManager.h" />
    <ClInclude Include="Files\serverConnector.h" />
    <ClInclude Include="Files\singlePlayerStage.h" />
    <ClInclude Include="Files\socket.h" />
    <ClInclude Include="Files\stageInterface.h" />
    <ClInclude Include="Files\tcpSocket.h" />
    <ClInclude Include="Files\text.h" />
    <ClInclude Include="Files\texture.h" />
    <ClInclude Include="Files\time.h" />
    <ClInclude Include="Files\udpMsgInterface.h" />
    <ClInclude Include="Files\udpSocket.h" />
    <ClInclude Include="Files\wall.h" />
    <ClInclude Include="Files\wallManager.h" />
  </ItemGroup>
</Project>